
Microsoft Visual Studio Solution File, Format Version 12.00
# Visual Studio Version 17
VisualStudioVersion = 17.3.32825.248
MinimumVisualStudioVersion = 10.0.40219.1
Project("{8BC9CEB8-8B4A-11D0-8D11-00A0C91BC942}") = "13.10", "13.10\13.10.vcxproj", "{2D0504C4-544D-48BB-A945-DC1BB0F31E34}"
EndProject
Global
	GlobalSection(SolutionConfigurationPlatforms) = preSolution
		Debug|x64 = Debug|x64
		Debug|x86 = Debug|x86
		Release|x64 = Release|x64
		Release|x86 = Release|x86
	EndGlobalSection
	GlobalSection(ProjectConfigurationPlatforms) = postSolution
		{2D0504C4-544D-48BB-A945-DC1BB0F31E34}.Debug|x64.ActiveCfg = Debug|x64
		{2D0504C4-544D-48BB-A945-DC1BB0F31E34}.Debug|x64.Build.0 = Debug|x64
		{2D0504C4-544D-48BB-A945-DC1BB0F31E34}.Debug|x86.ActiveCfg = Debug|Win32
		{2D0504C4-544D-48BB-A945-DC1BB0F31E34}.Debug|x86.Build.0 = Debug|Win32
		{2D0504C4-544D-48BB-A945-DC1BB0F31E34}.Release|x64.ActiveCfg = Release|x64
		{2D0504C4-544D-48BB-A945-DC1BB0F31E34}.Release|x64.Build.0 = Release|x64
		{2D0504C4-544D-48BB-A945-DC1BB0F31E34}.Release|x86.ActiveCfg = Release|Win32
		{2D0504C4-544D-48BB-A945-DC1BB0F31E34}.Release|x86.Build.0 = Release|Win32
	EndGlobalSection
	GlobalSection(SolutionProperties) = preSolution
		HideSolutionNode = FALSE
	EndGlobalSection
	GlobalSection(ExtensibilityGlobals) = postSolution
		SolutionGuid = {989BDCD7-1B20-4360-B7D3-BC720EE78E2C}
	EndGlobalSection
EndGlobal
